
Microsoft Visual Studio Solution File, Format Version 12.00
# Visual Studio Version 17
VisualStudioVersion = 17.0.32126.317
MinimumVisualStudioVersion = 10.0.40219.1
Project("{FAE04EC0-301F-11D3-BF4B-00C04F79EFBC}") = "WpfApp_MenuItem", "WpfApp_MenuItem.csproj", "{6EE14525-349E-4113-8ED7-B7AD41CECF6E}"
EndProject
Global
	GlobalSection(SolutionConfigurationPlatforms) = preSolution
		Debug|Any CPU = Debug|Any CPU
		Release|Any CPU = Release|Any CPU
	EndGlobalSection
	GlobalSection(ProjectConfigurationPlatforms) = postSolution
		{6EE14525-349E-4113-8ED7-B7AD41CECF6E}.Debug|Any CPU.ActiveCfg = Debug|Any CPU
		{6EE14525-349E-4113-8ED7-B7AD41CECF6E}.Debug|Any CPU.Build.0 = Debug|Any CPU
		{6EE14525-349E-4113-8ED7-B7AD41CECF6E}.Release|Any CPU.ActiveCfg = Release|Any CPU
		{6EE14525-349E-4113-8ED7-B7AD41CECF6E}.Release|Any CPU.Build.0 = Release|Any CPU
	EndGlobalSection
	GlobalSection(SolutionProperties) = preSolution
		HideSolutionNode = FALSE
	EndGlobalSection
	GlobalSection(ExtensibilityGlobals) = postSolution
		SolutionGuid = {EA4B467F-325F-4913-A61A-1EB011BE9BAD}
	EndGlobalSection
EndGlobal
